
Microsoft Visual Studio Solution File, Format Version 12.00
# Visual Studio Version 17
VisualStudioVersion = 17.5.002.0
MinimumVisualStudioVersion = 10.0.40219.1
Project("{9A19103F-16F7-4668-BE54-9A1E7A4F7556}") = "Modulo Api dotnet webApi", "Modulo Api dotnet webApi.csproj", "{371ECA89-6A23-4863-B022-C9DE8BA66DA7}"
EndProject
Global
	GlobalSection(SolutionConfigurationPlatforms) = preSolution
		Debug|Any CPU = Debug|Any CPU
		Release|Any CPU = Release|Any CPU
	EndGlobalSection
	GlobalSection(ProjectConfigurationPlatforms) = postSolution
		{371ECA89-6A23-4863-B022-C9DE8BA66DA7}.Debug|Any CPU.ActiveCfg = Debug|Any CPU
		{371ECA89-6A23-4863-B022-C9DE8BA66DA7}.Debug|Any CPU.Build.0 = Debug|Any CPU
		{371ECA89-6A23-4863-B022-C9DE8BA66DA7}.Release|Any CPU.ActiveCfg = Release|Any CPU
		{371ECA89-6A23-4863-B022-C9DE8BA66DA7}.Release|Any CPU.Build.0 = Release|Any CPU
	EndGlobalSection
	GlobalSection(SolutionProperties) = preSolution
		HideSolutionNode = FALSE
	EndGlobalSection
	GlobalSection(ExtensibilityGlobals) = postSolution
		SolutionGuid = {2E2AB8AF-5B86-467C-925E-E1DE1364554C}
	EndGlobalSection
EndGlobal
